{
  "name": "hap-nodejs",
  "version": "0.4.38",
  "lockfileVersion": 1,
  "dependencies": {
    "base64-js": {
      "version": "0.0.6",
      "resolved": "https://registry.npmjs.org/base64-js/-/base64-js-0.0.6.tgz",
      "integrity": "sha1-e4WfefC7vVWGe6Z6f6s5fiSiCUc=",
      "dev": true
    },
    "bindings": {
      "version": "1.2.1",
      "resolved": "https://registry.npmjs.org/bindings/-/bindings-1.2.1.tgz",
      "integrity": "sha1-FK1hE4EtLTfXLme0ystLtyZQXxE="
    },
    "bplist-creator": {
      "version": "0.0.4",
      "resolved": "https://registry.npmjs.org/bplist-creator/-/bplist-creator-0.0.4.tgz",
      "integrity": "sha1-SsBJZ4LhJ6hcHSAmpPXrIqev+ZE=",
      "dev": true
    },
    "bplist-parser": {
      "version": "0.0.6",
      "resolved": "https://registry.npmjs.org/bplist-parser/-/bplist-parser-0.0.6.tgz",
      "integrity": "sha1-ONo0cYF9+dRKs4kuJ3B7u9daEbk=",
      "dev": true
    },
    "buffer-shims": {
      "version": "1.0.0",
      "resolved": "https://registry.npmjs.org/buffer-shims/-/buffer-shims-1.0.0.tgz",
      "integrity": "sha1-mXjOMXOIxkmth5MCjDR37wRKi1E="
    },
    "curve25519-n2": {
      "version": "1.1.3",
      "resolved": "https://registry.npmjs.org/curve25519-n2/-/curve25519-n2-1.1.3.tgz",
      "integrity": "sha1-TLBYjs+327wL+zLQoARjKW7m7+I="
    },
    "debug": {
      "version": "2.6.8",
      "resolved": "https://registry.npmjs.org/debug/-/debug-2.6.8.tgz",
      "integrity": "sha1-5zFTHKLt4n0YgiJCfaF4IdaP9Pw="
    },
    "decimal.js": {
      "version": "7.2.4",
      "resolved": "https://registry.npmjs.org/decimal.js/-/decimal.js-7.2.4.tgz",
      "integrity": "sha512-lQ+Tr6VKhsHgfzkTLLqxOXDwMHj5ZBdThKsZZo0PeK9H7OOvS8O5hjCNogRElYrLIx7mc1pfN9RiLkZDpVdkHA=="
    },
    "ed25519": {
      "version": "0.0.4",
      "resolved": "https://registry.npmjs.org/ed25519/-/ed25519-0.0.4.tgz",
      "integrity": "sha1-5WIYrOL8kD0llZOu8LKpY59HW+s="
    },
    "fast-srp-hap": {
      "version": "1.0.1",
      "resolved": "https://registry.npmjs.org/fast-srp-hap/-/fast-srp-hap-1.0.1.tgz",
      "integrity": "sha1-N3Ek0Za8alFXquWze/X6NbtK0tk="
    },
    "ip": {
      "version": "1.1.5",
      "resolved": "https://registry.npmjs.org/ip/-/ip-1.1.5.tgz",
      "integrity": "sha1-vd7XARQpCCjAoDnnLvJfWq7ENUo="
    },
    "lodash-node": {
      "version": "2.4.1",
      "resolved": "https://registry.npmjs.org/lodash-node/-/lodash-node-2.4.1.tgz",
      "integrity": "sha1-6oL3sQDHM9GkKvdoAeUGEF4qgOw=",
      "dev": true
    },
    "mdns": {
      "version": "2.3.3",
      "resolved": "https://registry.npmjs.org/mdns/-/mdns-2.3.3.tgz",
      "integrity": "sha1-u8atVAeiMBM9YuDaaS8p8L1Jco4=",
      "dependencies": {
        "nan": {
          "version": "2.3.5",
          "resolved": "https://registry.npmjs.org/nan/-/nan-2.3.5.tgz",
          "integrity": "sha1-gioNwmYpDOTNOhIoLKPn42Rmigg="
        }
      }
    },
    "minimist": {
      "version": "0.0.8",
      "resolved": "https://registry.npmjs.org/minimist/-/minimist-0.0.8.tgz",
      "integrity": "sha1-hX/Kv8M5fSYluCKCYuhqp6ARsF0="
    },
    "mkdirp": {
      "version": "0.5.1",
      "resolved": "https://registry.npmjs.org/mkdirp/-/mkdirp-0.5.1.tgz",
      "integrity": "sha1-MAV0OOrGz3+MR2fzhkjWaX11yQM="
    },
    "ms": {
      "version": "2.0.0",
      "resolved": "https://registry.npmjs.org/ms/-/ms-2.0.0.tgz",
      "integrity": "sha1-VgiurfwAvmwpAd9fmGF4jeDVl8g="
    },
    "nan": {
      "version": "2.7.0",
      "resolved": "https://registry.npmjs.org/nan/-/nan-2.7.0.tgz",
      "integrity": "sha1-2Vv3IeyHfgjbJ27T/G63j5CDrUY="
    },
    "node-persist": {
      "version": "0.0.11",
      "resolved": "https://registry.npmjs.org/node-persist/-/node-persist-0.0.11.tgz",
      "integrity": "sha1-1m66Pr72IPB5Uw+nsTB2qQZmWHQ="
    },
    "plist": {
      "version": "1.1.0",
      "resolved": "https://registry.npmjs.org/plist/-/plist-1.1.0.tgz",
      "integrity": "sha1-/2cIWQyXzEOOe8Rd5SUb1yXz+J0=",
      "dev": true
    },
    "q": {
      "version": "1.1.2",
      "resolved": "https://registry.npmjs.org/q/-/q-1.1.2.tgz",
      "integrity": "sha1-Y1fikSBnAdmfGXq4TlforRlvKok="
    },
    "simple-plist": {
      "version": "0.0.4",
      "resolved": "https://registry.npmjs.org/simple-plist/-/simple-plist-0.0.4.tgz",
      "integrity": "sha1-f4Y0OLY8t135ndgbgzbXxQdc/As=",
      "dev": true
    },
    "stream-buffers": {
      "version": "0.2.6",
      "resolved": "https://registry.npmjs.org/stream-buffers/-/stream-buffers-0.2.6.tgz",
      "integrity": "sha1-GBwI1bs2kARfaUAbmuanoM8zE/w=",
      "dev": true
    },
    "util-deprecate": {
      "version": "1.0.0",
      "resolved": "https://registry.npmjs.org/util-deprecate/-/util-deprecate-1.0.0.tgz",
      "integrity": "sha1-MAevASwUDq4m3gVXbsInhcrDq/I=",
      "dev": true
    },
    "xmlbuilder": {
      "version": "2.2.1",
      "resolved": "https://registry.npmjs.org/xmlbuilder/-/xmlbuilder-2.2.1.tgz",
      "integrity": "sha1-kyZDDxMNh0NdTECGZDqikm4QWjI=",
      "dev": true
    },
    "xmldom": {
      "version": "0.1.27",
      "resolved": "https://registry.npmjs.org/xmldom/-/xmldom-0.1.27.tgz",
      "integrity": "sha1-1QH5ezvbQDr4757MIFcxh6rawOk=",
      "dev": true
    }
  }
}
