# THIS IS AN AUTOGENERATED FILE. DO NOT EDIT THIS FILE DIRECTLY.
# yarn lockfile v1


"@types/debug@^4.1.4":
  version "4.1.4"
  resolved "https://registry.yarnpkg.com/@types/debug/-/debug-4.1.4.tgz#56eec47706f0fd0b7c694eae2f3172e6b0b769da"
  integrity sha512-D9MyoQFI7iP5VdpEyPZyjjqIJ8Y8EDNQFIFVLOmeg1rI1xiHOChyUPMPRUVfqFCerxfE+yS3vMyj37F6IdtOoQ==

"@types/ip@^1.1.0":
  version "1.1.0"
  resolved "https://registry.yarnpkg.com/@types/ip/-/ip-1.1.0.tgz#aec4f5bfd49e4a4c53b590d88c36eb078827a7c0"
  integrity sha512-dwNe8gOoF70VdL6WJBwVHtQmAX4RMd62M+mAB9HQFjG1/qiCLM/meRy95Pd14FYBbEDwCq7jgJs89cHpLBu4HQ==
  dependencies:
    "@types/node" "*"

"@types/node-persist@^0.0.33":
  version "0.0.33"
  resolved "https://registry.yarnpkg.com/@types/node-persist/-/node-persist-0.0.33.tgz#d3c294324a86385b7763a37d160efc0c5ee265c6"
  integrity sha512-JY/aQpndK6Nb/9ccfAaptSgzUpZp2VXillSXNrD40CURfFACWTMyGnFYzz4L44iKu7CTIg6hqjRZbBCr60URdw==
  dependencies:
    "@types/node" "*"
    "@types/q" "^0"

"@types/node@*":
  version "12.6.8"
  resolved "https://registry.yarnpkg.com/@types/node/-/node-12.6.8.tgz#e469b4bf9d1c9832aee4907ba8a051494357c12c"
  integrity sha512-aX+gFgA5GHcDi89KG5keey2zf0WfZk/HAQotEamsK2kbey+8yGKcson0hbK8E+v0NArlCJQCqMP161YhV6ZXLg==

"@types/q@^0":
  version "0.0.37"
  resolved "https://registry.yarnpkg.com/@types/q/-/q-0.0.37.tgz#7d6a934b35ee2f0ed0646d286eba559599021c9e"
  integrity sha512-vjFGX1zMTMz/kUp3xgfJcxMVLkMWVMrdlyc0RwVyve1y9jxwqNaT8wTcv6M51ylq2a/zn5lm8g7qPSoIS4uvZQ==

array-flatten@^2.1.0:
  version "2.1.2"
  resolved "https://registry.yarnpkg.com/array-flatten/-/array-flatten-2.1.2.tgz#24ef80a28c1a893617e2149b0c6d0d788293b099"
  integrity sha512-hNfzcOV8W4NdualtqBFPyVO+54DSJuZGY9qT4pRroB6S9e3iiido2ISIC5h9R2sPJ8H3FHCIiEnsv1lPXO3KtQ==

base64-js@0.0.6:
  version "0.0.6"
  resolved "https://registry.yarnpkg.com/base64-js/-/base64-js-0.0.6.tgz#7b859f79f0bbbd55867ba67a7fab397e24a20947"
  integrity sha1-e4WfefC7vVWGe6Z6f6s5fiSiCUc=

bonjour-hap@^3.5.1:
  version "3.5.4"
  resolved "https://registry.yarnpkg.com/bonjour-hap/-/bonjour-hap-3.5.4.tgz#ba7d2e6220000cdb50bb80078a72ccdbcefa1c6f"
  integrity sha512-MgU27SEZYQ09Skm71Xa7SZoAg259V4IlAJNWaloFVMlYDn1OjJy3nkwSixRHnDzrcLWocVI84f9exI1ObZChBw==
  dependencies:
    array-flatten "^2.1.0"
    deep-equal "^1.0.1"
    dns-equal "^1.0.0"
    dns-txt "^2.0.2"
    multicast-dns "^7.2.0"
    multicast-dns-service-types "^1.1.0"

bplist-creator@0.0.4:
  version "0.0.4"
  resolved "https://registry.yarnpkg.com/bplist-creator/-/bplist-creator-0.0.4.tgz#4ac0496782e127a85c1d2026a4f5eb22a7aff991"
  integrity sha1-SsBJZ4LhJ6hcHSAmpPXrIqev+ZE=
  dependencies:
    stream-buffers "~0.2.3"

bplist-parser@0.0.6:
  version "0.0.6"
  resolved "https://registry.yarnpkg.com/bplist-parser/-/bplist-parser-0.0.6.tgz#38da3471817df9d44ab3892e27707bbbd75a11b9"
  integrity sha1-ONo0cYF9+dRKs4kuJ3B7u9daEbk=

buffer-indexof@^1.0.0:
  version "1.1.1"
  resolved "https://registry.yarnpkg.com/buffer-indexof/-/buffer-indexof-1.1.1.tgz#52fabcc6a606d1a00302802648ef68f639da268c"
  integrity sha512-4/rOEg86jivtPTeOUUT61jJO1Ya1TrR/OkqCSZDyq84WJh3LuuiphBYJN+fm5xufIk4XAFcEwte/8WzC8If/1g==

buffer-shims@^1.0.0:
  version "1.0.0"
  resolved "https://registry.yarnpkg.com/buffer-shims/-/buffer-shims-1.0.0.tgz#9978ce317388c649ad8793028c3477ef044a8b51"
  integrity sha1-mXjOMXOIxkmth5MCjDR37wRKi1E=

debug@^2.2.0:
  version "2.6.9"
  resolved "https://registry.yarnpkg.com/debug/-/debug-2.6.9.tgz#5d128515df134ff327e90a4c93f4e077a536341f"
  integrity sha512-bC7ElrdJaJnPbAP+1EotYvqZsb3ecl5wi6Bfi6BJTUcNowp6cvspg0jXznRTKDjm/E7AdgFBVeAPVMNcKGsHMA==
  dependencies:
    ms "2.0.0"

decimal.js@^7.2.3:
  version "7.5.1"
  resolved "https://registry.yarnpkg.com/decimal.js/-/decimal.js-7.5.1.tgz#cf4cf5eeb9faa24fc4ee6af361faebb7bfcca2ce"
  integrity sha512-1K5Y6MykxQYfHBcFfAj2uBaLmwreq4MsjsvrlgcEOvg+X82IeeXlIVIVkBMiypksu+yo9vcYP6lfU3qTedofSQ==

deep-equal@^1.0.1:
  version "1.0.1"
  resolved "https://registry.yarnpkg.com/deep-equal/-/deep-equal-1.0.1.tgz#f5d260292b660e084eff4cdbc9f08ad3247448b5"
  integrity sha1-9dJgKStmDghO/0zbyfCK0yR0SLU=

dns-equal@^1.0.0:
  version "1.0.0"
  resolved "https://registry.yarnpkg.com/dns-equal/-/dns-equal-1.0.0.tgz#b39e7f1da6eb0a75ba9c17324b34753c47e0654d"
  integrity sha1-s55/HabrCnW6nBcySzR1PEfgZU0=

dns-packet@^4.0.0:
  version "4.2.0"
  resolved "https://registry.yarnpkg.com/dns-packet/-/dns-packet-4.2.0.tgz#3fd6f5ff5a4ec3194ed0b15312693ffe8776b343"
  integrity sha512-bn1AKpfkFbm0MIioOMHZ5qJzl2uypdBwI4nYNsqvhjsegBhcKJUlCrMPWLx6JEezRjxZmxhtIz/FkBEur2l8Cw==
  dependencies:
    ip "^1.1.5"
    safe-buffer "^5.1.1"

dns-txt@^2.0.2:
  version "2.0.2"
  resolved "https://registry.yarnpkg.com/dns-txt/-/dns-txt-2.0.2.tgz#b91d806f5d27188e4ab3e7d107d881a1cc4642b6"
  integrity sha1-uR2Ab10nGI5Ks+fRB9iBocxGQrY=
  dependencies:
    buffer-indexof "^1.0.0"

fast-srp-hap@^1.0.1:
  version "1.0.1"
  resolved "https://registry.yarnpkg.com/fast-srp-hap/-/fast-srp-hap-1.0.1.tgz#377124d196bc6a5157aae5b37bf5fa35bb4ad2d9"
  integrity sha1-N3Ek0Za8alFXquWze/X6NbtK0tk=

ip@^1.1.3, ip@^1.1.5:
  version "1.1.5"
  resolved "https://registry.yarnpkg.com/ip/-/ip-1.1.5.tgz#bdded70114290828c0a039e72ef25f5aaec4354a"
  integrity sha1-vd7XARQpCCjAoDnnLvJfWq7ENUo=

lodash-node@~2.4.1:
  version "2.4.1"
  resolved "https://registry.yarnpkg.com/lodash-node/-/lodash-node-2.4.1.tgz#ea82f7b100c733d1a42af76801e506105e2a80ec"
  integrity sha1-6oL3sQDHM9GkKvdoAeUGEF4qgOw=

minimist@0.0.8:
  version "0.0.8"
  resolved "https://registry.yarnpkg.com/minimist/-/minimist-0.0.8.tgz#857fcabfc3397d2625b8228262e86aa7a011b05d"
  integrity sha1-hX/Kv8M5fSYluCKCYuhqp6ARsF0=

mkdirp@~0.5.1:
  version "0.5.1"
  resolved "https://registry.yarnpkg.com/mkdirp/-/mkdirp-0.5.1.tgz#30057438eac6cf7f8c4767f38648d6697d75c903"
  integrity sha1-MAV0OOrGz3+MR2fzhkjWaX11yQM=
  dependencies:
    minimist "0.0.8"

ms@2.0.0:
  version "2.0.0"
  resolved "https://registry.yarnpkg.com/ms/-/ms-2.0.0.tgz#5608aeadfc00be6c2901df5f9861788de0d597c8"
  integrity sha1-VgiurfwAvmwpAd9fmGF4jeDVl8g=

multicast-dns-service-types@^1.1.0:
  version "1.1.0"
  resolved "https://registry.yarnpkg.com/multicast-dns-service-types/-/multicast-dns-service-types-1.1.0.tgz#899f11d9686e5e05cb91b35d5f0e63b773cfc901"
  integrity sha1-iZ8R2WhuXgXLkbNdXw5jt3PPyQE=

multicast-dns@^7.2.0:
  version "7.2.0"
  resolved "https://registry.yarnpkg.com/multicast-dns/-/multicast-dns-7.2.0.tgz#7aa49a7efba931a346011aa02e7d1c314a65ac77"
  integrity sha512-Tu2QORGOFANB124NWQ/JTRhMf/ODouVLEuvu5Dz8YWEU55zQgRgFGnBHfIh5PbfNDAuaRl7yLB+pgWhSqVxi2Q==
  dependencies:
    dns-packet "^4.0.0"
    thunky "^1.0.2"

node-persist@^0.0.11:
  version "0.0.11"
  resolved "https://registry.yarnpkg.com/node-persist/-/node-persist-0.0.11.tgz#d66eba3ebef620f079530fa7b13076a906665874"
  integrity sha1-1m66Pr72IPB5Uw+nsTB2qQZmWHQ=
  dependencies:
    mkdirp "~0.5.1"
    q "~1.1.1"

plist@1.1.0:
  version "1.1.0"
  resolved "https://registry.yarnpkg.com/plist/-/plist-1.1.0.tgz#ff6708590c97cc438e7bc45de5251bd725f3f89d"
  integrity sha1-/2cIWQyXzEOOe8Rd5SUb1yXz+J0=
  dependencies:
    base64-js "0.0.6"
    util-deprecate "1.0.0"
    xmlbuilder "2.2.1"
    xmldom "0.1.x"

q@~1.1.1:
  version "1.1.2"
  resolved "https://registry.yarnpkg.com/q/-/q-1.1.2.tgz#6357e291206701d99f197ab84e57e8ad196f2a89"
  integrity sha1-Y1fikSBnAdmfGXq4TlforRlvKok=

safe-buffer@^5.1.1:
  version "5.2.0"
  resolved "https://registry.yarnpkg.com/safe-buffer/-/safe-buffer-5.2.0.tgz#b74daec49b1148f88c64b68d49b1e815c1f2f519"
  integrity sha512-fZEwUGbVl7kouZs1jCdMLdt95hdIv0ZeHg6L7qPeciMZhZ+/gdesW4wgTARkrFWEpspjEATAzUGPG8N2jJiwbg==

simple-plist@0.0.4:
  version "0.0.4"
  resolved "https://registry.yarnpkg.com/simple-plist/-/simple-plist-0.0.4.tgz#7f863438b63cb75df99dd81b8336d7c5075cfc0b"
  integrity sha1-f4Y0OLY8t135ndgbgzbXxQdc/As=
  dependencies:
    bplist-creator "0.0.4"
    bplist-parser "0.0.6"
    plist "1.1.0"

stream-buffers@~0.2.3:
  version "0.2.6"
  resolved "https://registry.yarnpkg.com/stream-buffers/-/stream-buffers-0.2.6.tgz#181c08d5bb3690045f69401b9ae6a7a0cf3313fc"
  integrity sha1-GBwI1bs2kARfaUAbmuanoM8zE/w=

thunky@^1.0.2:
  version "1.0.3"
  resolved "https://registry.yarnpkg.com/thunky/-/thunky-1.0.3.tgz#f5df732453407b09191dae73e2a8cc73f381a826"
  integrity sha512-YwT8pjmNcAXBZqrubu22P4FYsh2D4dxRmnWBOL8Jk8bUcRUtc5326kx32tuTmFDAZtLOGEVNl8POAR8j896Iow==

tweetnacl@^1.0.1:
  version "1.0.1"
  resolved "https://registry.yarnpkg.com/tweetnacl/-/tweetnacl-1.0.1.tgz#2594d42da73cd036bd0d2a54683dd35a6b55ca17"
  integrity sha512-kcoMoKTPYnoeS50tzoqjPY3Uv9axeuuFAZY9M/9zFnhoVvRfxz9K29IMPD7jGmt2c8SW7i3gT9WqDl2+nV7p4A==

typescript@^3.5.3:
  version "3.5.3"
  resolved "https://registry.yarnpkg.com/typescript/-/typescript-3.5.3.tgz#c830f657f93f1ea846819e929092f5fe5983e977"
  integrity sha512-ACzBtm/PhXBDId6a6sDJfroT2pOWt/oOnk4/dElG5G33ZL776N3Y6/6bKZJBFpd+b05F3Ct9qDjMeJmRWtE2/g==

util-deprecate@1.0.0:
  version "1.0.0"
  resolved "https://registry.yarnpkg.com/util-deprecate/-/util-deprecate-1.0.0.tgz#3007af012c140eae26de05576ec22785cac3abf2"
  integrity sha1-MAevASwUDq4m3gVXbsInhcrDq/I=

xmlbuilder@2.2.1:
  version "2.2.1"
  resolved "https://registry.yarnpkg.com/xmlbuilder/-/xmlbuilder-2.2.1.tgz#9326430f130d87435d4c4086643aa2926e105a32"
  integrity sha1-kyZDDxMNh0NdTECGZDqikm4QWjI=
  dependencies:
    lodash-node "~2.4.1"

xmldom@0.1.x:
  version "0.1.27"
  resolved "https://registry.yarnpkg.com/xmldom/-/xmldom-0.1.27.tgz#d501f97b3bdb403af8ef9ecc20573187aadac0e9"
  integrity sha1-1QH5ezvbQDr4757MIFcxh6rawOk=
